
Microsoft Visual Studio Solution File, Format Version 12.00
# Visual Studio Version 16
VisualStudioVersion = 16.0.31624.102
MinimumVisualStudioVersion = 10.0.40219.1
Project("{FAE04EC0-301F-11D3-BF4B-00C04F79EFBC}") = "Statki", "Statki\Statki.csproj", "{7CB45CFC-2442-41B9-ADAD-1FA4D4550410}"
EndProject
Global
	GlobalSection(SolutionConfigurationPlatforms) = preSolution
		Debug|Any CPU = Debug|Any CPU
		Release|Any CPU = Release|Any CPU
	EndGlobalSection
	GlobalSection(ProjectConfigurationPlatforms) = postSolution
		{7CB45CFC-2442-41B9-ADAD-1FA4D4550410}.Debug|Any CPU.ActiveCfg = Debug|Any CPU
		{7CB45CFC-2442-41B9-ADAD-1FA4D4550410}.Debug|Any CPU.Build.0 = Debug|Any CPU
		{7CB45CFC-2442-41B9-ADAD-1FA4D4550410}.Release|Any CPU.ActiveCfg = Release|Any CPU
		{7CB45CFC-2442-41B9-ADAD-1FA4D4550410}.Release|Any CPU.Build.0 = Release|Any CPU
	EndGlobalSection
	GlobalSection(SolutionProperties) = preSolution
		HideSolutionNode = FALSE
	EndGlobalSection
	GlobalSection(ExtensibilityGlobals) = postSolution
		SolutionGuid = {1A669ECD-9B23-4259-A5B8-B6AF3C073946}
	EndGlobalSection
EndGlobal
